// !$*UTF8*$!
{
	archiveVersion = 1;
	classes = {
	};
	objectVersion = 46;
	objects = {

/* Begin PBXBuildFile section */
		09338F211D5B890B003021F2 /* AppDelegate.swift in Sources */ = {isa = PBXBuildFile; fileRef = 09338F201D5B890B003021F2 /* AppDelegate.swift */; };
		09338F231D5B890B003021F2 /* ViewController.swift in Sources */ = {isa = PBXBuildFile; fileRef = 09338F221D5B890B003021F2 /* ViewController.swift */; };
		09338F261D5B890B003021F2 /* Main.storyboard in Resources */ = {isa = PBXBuildFile; fileRef = 09338F241D5B890B003021F2 /* Main.storyboard */; };
		09338F281D5B890B003021F2 /* Assets.xcassets in Resources */ = {isa = PBXBuildFile; fileRef = 09338F271D5B890B003021F2 /* Assets.xcassets */; };
		09338F2B1D5B890B003021F2 /* LaunchScreen.storyboard in Resources */ = {isa = PBXBuildFile; fileRef = 09338F291D5B890B003021F2 /* LaunchScreen.storyboard */; };
		09338F361D5B890B003021F2 /* WokeTests.swift in Sources */ = {isa = PBXBuildFile; fileRef = 09338F351D5B890B003021F2 /* WokeTests.swift */; };
		09338F411D5B890B003021F2 /* WokeUITests.swift in Sources */ = {isa = PBXBuildFile; fileRef = 09338F401D5B890B003021F2 /* WokeUITests.swift */; };
/* End PBXBuildFile section */

/* Begin PBXContainerItemProxy section */
		09338F321D5B890B003021F2 /* PBXContainerItemProxy */ = {
			isa = PBXContainerItemProxy;
			containerPortal = 09338F151D5B890A003021F2 /* Project object */;
			proxyType = 1;
			remoteGlobalIDString = 09338F1C1D5B890A003021F2;
			remoteInfo = Woke;
		};
		09338F3D1D5B890B003021F2 /* PBXContainerItemProxy */ = {
			isa = PBXContainerItemProxy;
			containerPortal = 09338F151D5B890A003021F2 /* Project object */;
			proxyType = 1;
			remoteGlobalIDString = 09338F1C1D5B890A003021F2;
			remoteInfo = Woke;
		};
/* End PBXContainerItemProxy section */

/* Begin PBXFileReference section */
		09338F1D1D5B890A003021F2 /* Woke.app */ = {isa = PBXFileReference; explicitFileType = wrapper.application; includeInIndex = 0; path = Woke.app; sourceTree = BUILT_PRODUCTS_DIR; };
		09338F201D5B890B003021F2 /* AppDelegate.swift */ = {isa = PBXFileReference; lastKnownFileType = sourcecode.swift; path = AppDelegate.swift; sourceTree = "<group>"; };
		09338F221D5B890B003021F2 /* ViewController.swift */ = {isa = PBXFileReference; lastKnownFileType = sourcecode.swift; path = ViewController.swift; sourceTree = "<group>"; };
		09338F251D5B890B003021F2 /* Base */ = {isa = PBXFileReference; lastKnownFileType = file.storyboard; name = Base; path = Base.lproj/Main.storyboard; sourceTree = "<group>"; };
		09338F271D5B890B003021F2 /* Assets.xcassets */ = {isa = PBXFileReference; lastKnownFileType = folder.assetcatalog; path = Assets.xcassets; sourceTree = "<group>"; };
		09338F2A1D5B890B003021F2 /* Base */ = {isa = PBXFileReference; lastKnownFileType = file.storyboard; name = Base; path = Base.lproj/LaunchScreen.storyboard; sourceTree = "<group>"; };
		09338F2C1D5B890B003021F2 /* Info.plist */ = {isa = PBXFileReference; lastKnownFileType = text.plist.xml; path = Info.plist; sourceTree = "<group>"; };
		09338F311D5B890B003021F2 /* WokeTests.xctest */ = {isa = PBXFileReference; explicitFileType = wrapper.cfbundle; includeInIndex = 0; path = WokeTests.xctest; sourceTree = BUILT_PRODUCTS_DIR; };
		09338F351D5B890B003021F2 /* WokeTests.swift */ = {isa = PBXFileReference; lastKnownFileType = sourcecode.swift; path = WokeTests.swift; sourceTree = "<group>"; };
		09338F371D5B890B003021F2 /* Info.plist */ = {isa = PBXFileReference; lastKnownFileType = text.plist.xml; path = Info.plist; sourceTree = "<group>"; };
		09338F3C1D5B890B003021F2 /* WokeUITests.xctest */ = {isa = PBXFileReference; explicitFileType = wrapper.cfbundle; includeInIndex = 0; path = WokeUITests.xctest; sourceTree = BUILT_PRODUCTS_DIR; };
		09338F401D5B890B003021F2 /* WokeUITests.swift */ = {isa = PBXFileReference; lastKnownFileType = sourcecode.swift; path = WokeUITests.swift; sourceTree = "<group>"; };
		09338F421D5B890B003021F2 /* Info.plist */ = {isa = PBXFileReference; lastKnownFileType = text.plist.xml; path = Info.plist; sourceTree = "<group>"; };
/* End PBXFileReference section */

/* Begin PBXFrameworksBuildPhase section */
		09338F1A1D5B890A003021F2 /* Frameworks */ = {
			isa = PBXFrameworksBuildPhase;
			buildActionMask = 2147483647;
			files = (
			);
			runOnlyForDeploymentPostprocessing = 0;
		};
		09338F2E1D5B890B003021F2 /* Frameworks */ = {
			isa = PBXFrameworksBuildPhase;
			buildActionMask = 2147483647;
			files = (
			);
			runOnlyForDeploymentPostprocessing = 0;
		};
		09338F391D5B890B003021F2 /* Frameworks */ = {
			isa = PBXFrameworksBuildPhase;
			buildActionMask = 2147483647;
			files = (
			);
			runOnlyForDeploymentPostprocessing = 0;
		};
/* End PBXFrameworksBuildPhase section */

/* Begin PBXGroup section */
		09338F141D5B890A003021F2 = {
			isa = PBXGroup;
			children = (
				09338F1F1D5B890A003021F2 /* Woke */,
				09338F341D5B890B003021F2 /* WokeTests */,
				09338F3F1D5B890B003021F2 /* WokeUITests */,
				09338F1E1D5B890A003021F2 /* Products */,
			);
			sourceTree = "<group>";
		};
		09338F1E1D5B890A003021F2 /* Products */ = {
			isa = PBXGroup;
			children = (
				09338F1D1D5B890A003021F2 /* Woke.app */,
				09338F311D5B890B003021F2 /* WokeTests.xctest */,
				09338F3C1D5B890B003021F2 /* WokeUITests.xctest */,
			);
			name = Products;
			sourceTree = "<group>";
		};
		09338F1F1D5B890A003021F2 /* Woke */ = {
			isa = PBXGroup;
			children = (
				09338F201D5B890B003021F2 /* AppDelegate.swift */,
				09338F221D5B890B003021F2 /* ViewController.swift */,
				09338F241D5B890B003021F2 /* Main.storyboard */,
				09338F271D5B890B003021F2 /* Assets.xcassets */,
				09338F291D5B890B003021F2 /* LaunchScreen.storyboard */,
				09338F2C1D5B890B003021F2 /* Info.plist */,
			);
			path = Woke;
			sourceTree = "<group>";
		};
		09338F341D5B890B003021F2 /* WokeTests */ = {
			isa = PBXGroup;
			children = (
				09338F351D5B890B003021F2 /* WokeTests.swift */,
				09338F371D5B890B003021F2 /* Info.plist */,
			);
			path = WokeTests;
			sourceTree = "<group>";
		};
		09338F3F1D5B890B003021F2 /* WokeUITests */ = {
			isa = PBXGroup;
			children = (
				09338F401D5B890B003021F2 /* WokeUITests.swift */,
				09338F421D5B890B003021F2 /* Info.plist */,
			);
			path = WokeUITests;
			sourceTree = "<group>";
		};
/* End PBXGroup section */

/* Begin PBXNativeTarget section */
		09338F1C1D5B890A003021F2 /* Woke */ = {
			isa = PBXNativeTarget;
			buildConfigurationList = 09338F451D5B890B003021F2 /* Build configuration list for PBXNativeTarget "Woke" */;
			buildPhases = (
				09338F191D5B890A003021F2 /* Sources */,
				09338F1A1D5B890A003021F2 /* Frameworks */,
				09338F1B1D5B890A003021F2 /* Resources */,
			);
			buildRules = (
			);
			dependencies = (
			);
			name = Woke;
			productName = Woke;
			productReference = 09338F1D1D5B890A003021F2 /* Woke.app */;
			productType = "com.apple.product-type.application";
		};
		09338F301D5B890B003021F2 /* WokeTests */ = {
			isa = PBXNativeTarget;
			buildConfigurationList = 09338F481D5B890B003021F2 /* Build configuration list for PBXNativeTarget "WokeTests" */;
			buildPhases = (
				09338F2D1D5B890B003021F2 /* Sources */,
				09338F2E1D5B890B003021F2 /* Frameworks */,
				09338F2F1D5B890B003021F2 /* Resources */,
			);
			buildRules = (
			);
			dependencies = (
				09338F331D5B890B003021F2 /* PBXTargetDependency */,
			);
			name = WokeTests;
			productName = WokeTests;
			productReference = 09338F311D5B890B003021F2 /* WokeTests.xctest */;
			productType = "com.apple.product-type.bundle.unit-test";
		};
		09338F3B1D5B890B003021F2 /* WokeUITests */ = {
			isa = PBXNativeTarget;
			buildConfigurationList = 09338F4B1D5B890B003021F2 /* Build configuration list for PBXNativeTarget "WokeUITests" */;
			buildPhases = (
				09338F381D5B890B003021F2 /* Sources */,
				09338F391D5B890B003021F2 /* Frameworks */,
				09338F3A1D5B890B003021F2 /* Resources */,
			);
			buildRules = (
			);
			dependencies = (
				09338F3E1D5B890B003021F2 /* PBXTargetDependency */,
			);
			name = WokeUITests;
			productName = WokeUITests;
			productReference = 09338F3C1D5B890B003021F2 /* WokeUITests.xctest */;
			productType = "com.apple.product-type.bundle.ui-testing";
		};
/* End PBXNativeTarget section */

/* Begin PBXProject section */
		09338F151D5B890A003021F2 /* Project object */ = {
			isa = PBXProject;
			attributes = {
				LastSwiftUpdateCheck = 0730;
				LastUpgradeCheck = 0730;
				ORGANIZATIONNAME = "MEC Revolutionaries";
				TargetAttributes = {
					09338F1C1D5B890A003021F2 = {
						CreatedOnToolsVersion = 7.3.1;
					};
					09338F301D5B890B003021F2 = {
						CreatedOnToolsVersion = 7.3.1;
						TestTargetID = 09338F1C1D5B890A003021F2;
					};
					09338F3B1D5B890B003021F2 = {
						CreatedOnToolsVersion = 7.3.1;
						TestTargetID = 09338F1C1D5B890A003021F2;
					};
				};
			};
			buildConfigurationList = 09338F181D5B890A003021F2 /* Build configuration list for PBXProject "Woke" */;
			compatibilityVersion = "Xcode 3.2";
			developmentRegion = English;
			hasScannedForEncodings = 0;
			knownRegions = (
				en,
				Base,
			);
			mainGroup = 09338F141D5B890A003021F2;
			productRefGroup = 09338F1E1D5B890A003021F2 /* Products */;
			projectDirPath = "";
			projectRoot = "";
			targets = (
				09338F1C1D5B890A003021F2 /* Woke */,
				09338F301D5B890B003021F2 /* WokeTests */,
				09338F3B1D5B890B003021F2 /* WokeUITests */,
			);
		};
/* End PBXProject section */

/* Begin PBXResourcesBuildPhase section */
		09338F1B1D5B890A003021F2 /* Resources */ = {
			isa = PBXResourcesBuildPhase;
			buildActionMask = 2147483647;
			files = (
				09338F2B1D5B890B003021F2 /* LaunchScreen.storyboard in Resources */,
				09338F281D5B890B003021F2 /* Assets.xcassets in Resources */,
				09338F261D5B890B003021F2 /* Main.storyboard in Resources */,
			);
			runOnlyForDeploymentPostprocessing = 0;
		};
		09338F2F1D5B890B003021F2 /* Resources */ = {
			isa = PBXResourcesBuildPhase;
			buildActionMask = 2147483647;
			files = (
			);
			runOnlyForDeploymentPostprocessing = 0;
		};
		09338F3A1D5B890B003021F2 /* Resources */ = {
			isa = PBXResourcesBuildPhase;
			buildActionMask = 2147483647;
			files = (
			);
			runOnlyForDeploymentPostprocessing = 0;
		};
/* End PBXResourcesBuildPhase section */

/* Begin PBXSourcesBuildPhase section */
		09338F191D5B890A003021F2 /* Sources */ = {
			isa = PBXSourcesBuildPhase;
			buildActionMask = 2147483647;
			files = (
				09338F231D5B890B003021F2 /* ViewController.swift in Sources */,
				09338F211D5B890B003021F2 /* AppDelegate.swift in Sources */,
			);
			runOnlyForDeploymentPostprocessing = 0;
		};
		09338F2D1D5B890B003021F2 /* Sources */ = {
			isa = PBXSourcesBuildPhase;
			buildActionMask = 2147483647;
			files = (
				09338F361D5B890B003021F2 /* WokeTests.swift in Sources */,
			);
			runOnlyForDeploymentPostprocessing = 0;
		};
		09338F381D5B890B003021F2 /* Sources */ = {
			isa = PBXSourcesBuildPhase;
			buildActionMask = 2147483647;
			files = (
				09338F411D5B890B003021F2 /* WokeUITests.swift in Sources */,
			);
			runOnlyForDeploymentPostprocessing = 0;
		};
/* End PBXSourcesBuildPhase section */

/* Begin PBXTargetDependency section */
		09338F331D5B890B003021F2 /* PBXTargetDependency */ = {
			isa = PBXTargetDependency;
			target = 09338F1C1D5B890A003021F2 /* Woke */;
			targetProxy = 09338F321D5B890B003021F2 /* PBXContainerItemProxy */;
		};
		09338F3E1D5B890B003021F2 /* PBXTargetDependency */ = {
			isa = PBXTargetDependency;
			target = 09338F1C1D5B890A003021F2 /* Woke */;
			targetProxy = 09338F3D1D5B890B003021F2 /* PBXContainerItemProxy */;
		};
/* End PBXTargetDependency section */

/* Begin PBXVariantGroup section */
		09338F241D5B890B003021F2 /* Main.storyboard */ = {
			isa = PBXVariantGroup;
			children = (
				09338F251D5B890B003021F2 /* Base */,
			);
			name = Main.storyboard;
			sourceTree = "<group>";
		};
		09338F291D5B890B003021F2 /* LaunchScreen.storyboard */ = {
			isa = PBXVariantGroup;
			children = (
				09338F2A1D5B890B003021F2 /* Base */,
			);
			name = LaunchScreen.storyboard;
			sourceTree = "<group>";
		};
/* End PBXVariantGroup section */

/* Begin XCBuildConfiguration section */
		09338F431D5B890B003021F2 /* Debug */ = {
			isa = XCBuildConfiguration;
			buildSettings = {
				ALWAYS_SEARCH_USER_PATHS = NO;
				CLANG_ANALYZER_NONNULL = YES;
				CLANG_CXX_LANGUAGE_STANDARD = "gnu++0x";
				CLANG_CXX_LIBRARY = "libc++";
				CLANG_ENABLE_MODULES = YES;
				CLANG_ENABLE_OBJC_ARC = YES;
				CLANG_WARN_BOOL_CONVERSION = YES;
				CLANG_WARN_CONSTANT_CONVERSION = YES;
				CLANG_WARN_DIRECT_OBJC_ISA_USAGE = YES_ERROR;
				CLANG_WARN_EMPTY_BODY = YES;
				CLANG_WARN_ENUM_CONVERSION = YES;
				CLANG_WARN_INT_CONVERSION = YES;
				CLANG_WARN_OBJC_ROOT_CLASS = YES_ERROR;
				CLANG_WARN_UNREACHABLE_CODE = YES;
				CLANG_WARN__DUPLICATE_METHOD_MATCH = YES;
				"CODE_SIGN_IDENTITY[sdk=iphoneos*]" = "iPhone Developer";
				COPY_PHASE_STRIP = NO;
				DEBUG_INFORMATION_FORMAT = dwarf;
				ENABLE_STRICT_OBJC_MSGSEND = YES;
				ENABLE_TESTABILITY = YES;
				GCC_C_LANGUAGE_STANDARD = gnu99;
				GCC_DYNAMIC_NO_PIC = NO;
				GCC_NO_COMMON_BLOCKS = YES;
				GCC_OPTIMIZATION_LEVEL = 0;
				GCC_PREPROCESSOR_DEFINITIONS = (
					"DEBUG=1",
					"$(inherited)",
				);
				GCC_WARN_64_TO_32_BIT_CONVERSION = YES;
				GCC_WARN_ABOUT_RETURN_TYPE = YES_ERROR;
				GCC_WARN_UNDECLARED_SELECTOR = YES;
				GCC_WARN_UNINITIALIZED_AUTOS = YES_AGGRESSIVE;
				GCC_WARN_UNUSED_FUNCTION = YES;
				GCC_WARN_UNUSED_VARIABLE = YES;
				IPHONEOS_DEPLOYMENT_TARGET = 9.3;
				MTL_ENABLE_DEBUG_INFO = YES;
				ONLY_ACTIVE_ARCH = YES;
				SDKROOT = iphoneos;
				SWIFT_OPTIMIZATION_LEVEL = "-Onone";
			};
			name = Debug;
		};
		09338F441D5B890B003021F2 /* Release */ = {
			isa = XCBuildConfiguration;
			buildSettings = {
				ALWAYS_SEARCH_USER_PATHS = NO;
				CLANG_ANALYZER_NONNULL = YES;
				CLANG_CXX_LANGUAGE_STANDARD = "gnu++0x";
				CLANG_CXX_LIBRARY = "libc++";
				CLANG_ENABLE_MODULES = YES;
				CLANG_ENABLE_OBJC_ARC = YES;
				CLANG_WARN_BOOL_CONVERSION = YES;
				CLANG_WARN_CONSTANT_CONVERSION = YES;
				CLANG_WARN_DIRECT_OBJC_ISA_USAGE = YES_ERROR;
				CLANG_WARN_EMPTY_BODY = YES;
				CLANG_WARN_ENUM_CONVERSION = YES;
				CLANG_WARN_INT_CONVERSION = YES;
				CLANG_WARN_OBJC_ROOT_CLASS = YES_ERROR;
				CLANG_WARN_UNREACHABLE_CODE = YES;
				CLANG_WARN__DUPLICATE_METHOD_MATCH = YES;
				"CODE_SIGN_IDENTITY[sdk=iphoneos*]" = "iPhone Developer";
				COPY_PHASE_STRIP = NO;
				DEBUG_INFORMATION_FORMAT = "dwarf-with-dsym";
				ENABLE_NS_ASSERTIONS = NO;
				ENABLE_STRICT_OBJC_MSGSEND = YES;
				GCC_C_LANGUAGE_STANDARD = gnu99;
				GCC_NO_COMMON_BLOCKS = YES;
				GCC_WARN_64_TO_32_BIT_CONVERSION = YES;
				GCC_WARN_ABOUT_RETURN_TYPE = YES_ERROR;
				GCC_WARN_UNDECLARED_SELECTOR = YES;
				GCC_WARN_UNINITIALIZED_AUTOS = YES_AGGRESSIVE;
				GCC_WARN_UNUSED_FUNCTION = YES;
				GCC_WARN_UNUSED_VARIABLE = YES;
				IPHONEOS_DEPLOYMENT_TARGET = 9.3;
				MTL_ENABLE_DEBUG_INFO = NO;
				SDKROOT = iphoneos;
				VALIDATE_PRODUCT = YES;
			};
			name = Release;
		};
		09338F461D5B890B003021F2 /* Debug */ = {
			isa = XCBuildConfiguration;
			buildSettings = {
				ASSETCATALOG_COMPILER_APPICON_NAME = AppIcon;
				INFOPLIST_FILE = Woke/Info.plist;
				LD_RUNPATH_SEARCH_PATHS = "$(inherited) @executable_path/Frameworks";
				PRODUCT_BUNDLE_IDENTIFIER = com.mecrevolutionaries.Woke;
				PRODUCT_NAME = "$(TARGET_NAME)";
			};
			name = Debug;
		};
		09338F471D5B890B003021F2 /* Release */ = {
			isa = XCBuildConfiguration;
			buildSettings = {
				ASSETCATALOG_COMPILER_APPICON_NAME = AppIcon;
				INFOPLIST_FILE = Woke/Info.plist;
				LD_RUNPATH_SEARCH_PATHS = "$(inherited) @executable_path/Frameworks";
				PRODUCT_BUNDLE_IDENTIFIER = com.mecrevolutionaries.Woke;
				PRODUCT_NAME = "$(TARGET_NAME)";
			};
			name = Release;
		};
		09338F491D5B890B003021F2 /* Debug */ = {
			isa = XCBuildConfiguration;
			buildSettings = {
				BUNDLE_LOADER = "$(TEST_HOST)";
				INFOPLIST_FILE = WokeTests/Info.plist;
				LD_RUNPATH_SEARCH_PATHS = "$(inherited) @executable_path/Frameworks @loader_path/Frameworks";
				PRODUCT_BUNDLE_IDENTIFIER = com.mecrevolutionaries.WokeTests;
				PRODUCT_NAME = "$(TARGET_NAME)";
				TEST_HOST = "$(BUILT_PRODUCTS_DIR)/Woke.app/Woke";
			};
			name = Debug;
		};
		09338F4A1D5B890B003021F2 /* Release */ = {
			isa = XCBuildConfiguration;
			buildSettings = {
				BUNDLE_LOADER = "$(TEST_HOST)";
				INFOPLIST_FILE = WokeTests/Info.plist;
				LD_RUNPATH_SEARCH_PATHS = "$(inherited) @executable_path/Frameworks @loader_path/Frameworks";
				PRODUCT_BUNDLE_IDENTIFIER = com.mecrevolutionaries.WokeTests;
				PRODUCT_NAME = "$(TARGET_NAME)";
				TEST_HOST = "$(BUILT_PRODUCTS_DIR)/Woke.app/Woke";
			};
			name = Release;
		};
		09338F4C1D5B890B003021F2 /* Debug */ = {
			isa = XCBuildConfiguration;
			buildSettings = {
				INFOPLIST_FILE = WokeUITests/Info.plist;
				LD_RUNPATH_SEARCH_PATHS = "$(inherited) @executable_path/Frameworks @loader_path/Frameworks";
				PRODUCT_BUNDLE_IDENTIFIER = com.mecrevolutionaries.WokeUITests;
				PRODUCT_NAME = "$(TARGET_NAME)";
				TEST_TARGET_NAME = Woke;
			};
			name = Debug;
		};
		09338F4D1D5B890B003021F2 /* Release */ = {
			isa = XCBuildConfiguration;
			buildSettings = {
				INFOPLIST_FILE = WokeUITests/Info.plist;
				LD_RUNPATH_SEARCH_PATHS = "$(inherited) @executable_path/Frameworks @loader_path/Frameworks";
				PRODUCT_BUNDLE_IDENTIFIER = com.mecrevolutionaries.WokeUITests;
				PRODUCT_NAME = "$(TARGET_NAME)";
				TEST_TARGET_NAME = Woke;
			};
			name = Release;
		};
/* End XCBuildConfiguration section */

/* Begin XCConfigurationList section */
		09338F181D5B890A003021F2 /* Build configuration list for PBXProject "Woke" */ = {
			isa = XCConfigurationList;
			buildConfigurations = (
				09338F431D5B890B003021F2 /* Debug */,
				09338F441D5B890B003021F2 /* Release */,
			);
			defaultConfigurationIsVisible = 0;
			defaultConfigurationName = Release;
		};
		09338F451D5B890B003021F2 /* Build configuration list for PBXNativeTarget "Woke" */ = {
			isa = XCConfigurationList;
			buildConfigurations = (
				09338F461D5B890B003021F2 /* Debug */,
				09338F471D5B890B003021F2 /* Release */,
			);
			defaultConfigurationIsVisible = 0;
		};
		09338F481D5B890B003021F2 /* Build configuration list for PBXNativeTarget "WokeTests" */ = {
			isa = XCConfigurationList;
			buildConfigurations = (
				09338F491D5B890B003021F2 /* Debug */,
				09338F4A1D5B890B003021F2 /* Release */,
			);
			defaultConfigurationIsVisible = 0;
		};
		09338F4B1D5B890B003021F2 /* Build configuration list for PBXNativeTarget "WokeUITests" */ = {
			isa = XCConfigurationList;
			buildConfigurations = (
				09338F4C1D5B890B003021F2 /* Debug */,
				09338F4D1D5B890B003021F2 /* Release */,
			);
			defaultConfigurationIsVisible = 0;
		};
/* End XCConfigurationList section */
	};
	rootObject = 09338F151D5B890A003021F2 /* Project object */;
}
